// !$*UTF8*$!
{
	archiveVersion = 1;
	classes = {
	};
	objectVersion = 55;
	objects = {

/* Begin PBXBuildFile section */
		32B3AB3026FC4D1200D2485A /* AppDelegate.swift in Sources */ = {isa = PBXBuildFile; fileRef = 32B3AB2F26FC4D1200D2485A /* AppDelegate.swift */; };
		32B3AB3426FC4D1200D2485A /* MainVC.swift in Sources */ = {isa = PBXBuildFile; fileRef = 32B3AB3326FC4D1200D2485A /* MainVC.swift */; };
		32B3AB3726FC4D1200D2485A /* Main.storyboard in Resources */ = {isa = PBXBuildFile; fileRef = 32B3AB3526FC4D1200D2485A /* Main.storyboard */; };
		32B3AB3926FC4D1300D2485A /* Assets.xcassets in Resources */ = {isa = PBXBuildFile; fileRef = 32B3AB3826FC4D1300D2485A /* Assets.xcassets */; };
		32B3AB3C26FC4D1300D2485A /* LaunchScreen.storyboard in Resources */ = {isa = PBXBuildFile; fileRef = 32B3AB3A26FC4D1300D2485A /* LaunchScreen.storyboard */; };
		32B3AB4526FC4D7900D2485A /* TableViewController.swift in Sources */ = {isa = PBXBuildFile; fileRef = 32B3AB4426FC4D7900D2485A /* TableViewController.swift */; };
		32B3AB4726FC513800D2485A /* MainModuleBuilder.swift in Sources */ = {isa = PBXBuildFile; fileRef = 32B3AB4626FC513800D2485A /* MainModuleBuilder.swift */; };
/* End PBXBuildFile section */

/* Begin PBXFileReference section */
		32B3AB2C26FC4D1200D2485A /* AnimatedTableView.app */ = {isa = PBXFileReference; explicitFileType = wrapper.application; includeInIndex = 0; path = AnimatedTableView.app; sourceTree = BUILT_PRODUCTS_DIR; };
		32B3AB2F26FC4D1200D2485A /* AppDelegate.swift */ = {isa = PBXFileReference; lastKnownFileType = sourcecode.swift; path = AppDelegate.swift; sourceTree = "<group>"; };
		32B3AB3326FC4D1200D2485A /* MainVC.swift */ = {isa = PBXFileReference; lastKnownFileType = sourcecode.swift; path = MainVC.swift; sourceTree = "<group>"; };
		32B3AB3626FC4D1200D2485A /* Base */ = {isa = PBXFileReference; lastKnownFileType = file.storyboard; name = Base; path = Base.lproj/Main.storyboard; sourceTree = "<group>"; };
		32B3AB3826FC4D1300D2485A /* Assets.xcassets */ = {isa = PBXFileReference; lastKnownFileType = folder.assetcatalog; path = Assets.xcassets; sourceTree = "<group>"; };
		32B3AB3B26FC4D1300D2485A /* Base */ = {isa = PBXFileReference; lastKnownFileType = file.storyboard; name = Base; path = Base.lproj/LaunchScreen.storyboard; sourceTree = "<group>"; };
		32B3AB3D26FC4D1300D2485A /* Info.plist */ = {isa = PBXFileReference; lastKnownFileType = text.plist.xml; path = Info.plist; sourceTree = "<group>"; };
		32B3AB4426FC4D7900D2485A /* TableViewController.swift */ = {isa = PBXFileReference; lastKnownFileType = sourcecode.swift; path = TableViewController.swift; sourceTree = "<group>"; };
		32B3AB4626FC513800D2485A /* MainModuleBuilder.swift */ = {isa = PBXFileReference; fileEncoding = 4; lastKnownFileType = sourcecode.swift; path = MainModuleBuilder.swift; sourceTree = "<group>"; };
/* End PBXFileReference section */

/* Begin PBXFrameworksBuildPhase section */
		32B3AB2926FC4D1200D2485A /* Frameworks */ = {
			isa = PBXFrameworksBuildPhase;
			buildActionMask = 2147483647;
			files = (
			);
			runOnlyForDeploymentPostprocessing = 0;
		};
/* End PBXFrameworksBuildPhase section */

/* Begin PBXGroup section */
		32B3AB2326FC4D1200D2485A = {
			isa = PBXGroup;
			children = (
				32B3AB2E26FC4D1200D2485A /* AnimatedTableView */,
				32B3AB4326FC4D3900D2485A /* Controllers */,
				32B3AB2D26FC4D1200D2485A /* Products */,
			);
			sourceTree = "<group>";
		};
		32B3AB2D26FC4D1200D2485A /* Products */ = {
			isa = PBXGroup;
			children = (
				32B3AB2C26FC4D1200D2485A /* AnimatedTableView.app */,
			);
			name = Products;
			sourceTree = "<group>";
		};
		32B3AB2E26FC4D1200D2485A /* AnimatedTableView */ = {
			isa = PBXGroup;
			children = (
				32B3AB2F26FC4D1200D2485A /* AppDelegate.swift */,
				32B3AB3826FC4D1300D2485A /* Assets.xcassets */,
				32B3AB3A26FC4D1300D2485A /* LaunchScreen.storyboard */,
				32B3AB3D26FC4D1300D2485A /* Info.plist */,
			);
			path = AnimatedTableView;
			sourceTree = "<group>";
		};
		32B3AB4326FC4D3900D2485A /* Controllers */ = {
			isa = PBXGroup;
			children = (
				32B3AB4826FC515200D2485A /* Main */,
				32B3AB4926FC515A00D2485A /* Table */,
			);
			path = Controllers;
			sourceTree = "<group>";
		};
		32B3AB4826FC515200D2485A /* Main */ = {
			isa = PBXGroup;
			children = (
				32B3AB3526FC4D1200D2485A /* Main.storyboard */,
				32B3AB4626FC513800D2485A /* MainModuleBuilder.swift */,
				32B3AB3326FC4D1200D2485A /* MainVC.swift */,
			);
			path = Main;
			sourceTree = "<group>";
		};
		32B3AB4926FC515A00D2485A /* Table */ = {
			isa = PBXGroup;
			children = (
				32B3AB4426FC4D7900D2485A /* TableViewController.swift */,
			);
			path = Table;
			sourceTree = "<group>";
		};
/* End PBXGroup section */

/* Begin PBXNativeTarget section */
		32B3AB2B26FC4D1200D2485A /* AnimatedTableView */ = {
			isa = PBXNativeTarget;
			buildConfigurationList = 32B3AB4026FC4D1300D2485A /* Build configuration list for PBXNativeTarget "AnimatedTableView" */;
			buildPhases = (
				32B3AB2826FC4D1200D2485A /* Sources */,
				32B3AB2926FC4D1200D2485A /* Frameworks */,
				32B3AB2A26FC4D1200D2485A /* Resources */,
			);
			buildRules = (
			);
			dependencies = (
			);
			name = AnimatedTableView;
			productName = AnimatedTableView;
			productReference = 32B3AB2C26FC4D1200D2485A /* AnimatedTableView.app */;
			productType = "com.apple.product-type.application";
		};
/* End PBXNativeTarget section */

/* Begin PBXProject section */
		32B3AB2426FC4D1200D2485A /* Project object */ = {
			isa = PBXProject;
			attributes = {
				BuildIndependentTargetsInParallel = 1;
				LastSwiftUpdateCheck = 1300;
				LastUpgradeCheck = 1300;
				TargetAttributes = {
					32B3AB2B26FC4D1200D2485A = {
						CreatedOnToolsVersion = 13.0;
					};
				};
			};
			buildConfigurationList = 32B3AB2726FC4D1200D2485A /* Build configuration list for PBXProject "AnimatedTableView" */;
			compatibilityVersion = "Xcode 13.0";
			developmentRegion = en;
			hasScannedForEncodings = 0;
			knownRegions = (
				en,
				Base,
			);
			mainGroup = 32B3AB2326FC4D1200D2485A;
			productRefGroup = 32B3AB2D26FC4D1200D2485A /* Products */;
			projectDirPath = "";
			projectRoot = "";
			targets = (
				32B3AB2B26FC4D1200D2485A /* AnimatedTableView */,
			);
		};
/* End PBXProject section */

/* Begin PBXResourcesBuildPhase section */
		32B3AB2A26FC4D1200D2485A /* Resources */ = {
			isa = PBXResourcesBuildPhase;
			buildActionMask = 2147483647;
			files = (
				32B3AB3C26FC4D1300D2485A /* LaunchScreen.storyboard in Resources */,
				32B3AB3926FC4D1300D2485A /* Assets.xcassets in Resources */,
				32B3AB3726FC4D1200D2485A /* Main.storyboard in Resources */,
			);
			runOnlyForDeploymentPostprocessing = 0;
		};
/* End PBXResourcesBuildPhase section */

/* Begin PBXSourcesBuildPhase section */
		32B3AB2826FC4D1200D2485A /* Sources */ = {
			isa = PBXSourcesBuildPhase;
			buildActionMask = 2147483647;
			files = (
				32B3AB4726FC513800D2485A /* MainModuleBuilder.swift in Sources */,
				32B3AB3426FC4D1200D2485A /* MainVC.swift in Sources */,
				32B3AB3026FC4D1200D2485A /* AppDelegate.swift in Sources */,
				32B3AB4526FC4D7900D2485A /* TableViewController.swift in Sources */,
			);
			runOnlyForDeploymentPostprocessing = 0;
		};
/* End PBXSourcesBuildPhase section */

/* Begin PBXVariantGroup section */
		32B3AB3526FC4D1200D2485A /* Main.storyboard */ = {
			isa = PBXVariantGroup;
			children = (
				32B3AB3626FC4D1200D2485A /* Base */,
			);
			name = Main.storyboard;
			sourceTree = "<group>";
		};
		32B3AB3A26FC4D1300D2485A /* LaunchScreen.storyboard */ = {
			isa = PBXVariantGroup;
			children = (
				32B3AB3B26FC4D1300D2485A /* Base */,
			);
			name = LaunchScreen.storyboard;
			sourceTree = "<group>";
		};
/* End PBXVariantGroup section */

/* Begin XCBuildConfiguration section */
		32B3AB3E26FC4D1300D2485A /* Debug */ = {
			isa = XCBuildConfiguration;
			buildSettings = {
				ALWAYS_SEARCH_USER_PATHS = NO;
				CLANG_ANALYZER_NONNULL = YES;
				CLANG_ANALYZER_NUMBER_OBJECT_CONVERSION = YES_AGGRESSIVE;
				CLANG_CXX_LANGUAGE_STANDARD = "gnu++17";
				CLANG_CXX_LIBRARY = "libc++";
				CLANG_ENABLE_MODULES = YES;
				CLANG_ENABLE_OBJC_ARC = YES;
				CLANG_ENABLE_OBJC_WEAK = YES;
				CLANG_WARN_BLOCK_CAPTURE_AUTORELEASING = YES;
				CLANG_WARN_BOOL_CONVERSION = YES;
				CLANG_WARN_COMMA = YES;
				CLANG_WARN_CONSTANT_CONVERSION = YES;
				CLANG_WARN_DEPRECATED_OBJC_IMPLEMENTATIONS = YES;
				CLANG_WARN_DIRECT_OBJC_ISA_USAGE = YES_ERROR;
				CLANG_WARN_DOCUMENTATION_COMMENTS = YES;
				CLANG_WARN_EMPTY_BODY = YES;
				CLANG_WARN_ENUM_CONVERSION = YES;
				CLANG_WARN_INFINITE_RECURSION = YES;
				CLANG_WARN_INT_CONVERSION = YES;
				CLANG_WARN_NON_LITERAL_NULL_CONVERSION = YES;
				CLANG_WARN_OBJC_IMPLICIT_RETAIN_SELF = YES;
				CLANG_WARN_OBJC_LITERAL_CONVERSION = YES;
				CLANG_WARN_OBJC_ROOT_CLASS = YES_ERROR;
				CLANG_WARN_QUOTED_INCLUDE_IN_FRAMEWORK_HEADER = YES;
				CLANG_WARN_RANGE_LOOP_ANALYSIS = YES;
				CLANG_WARN_STRICT_PROTOTYPES = YES;
				CLANG_WARN_SUSPICIOUS_MOVE = YES;
				CLANG_WARN_UNGUARDED_AVAILABILITY = YES_AGGRESSIVE;
				CLANG_WARN_UNREACHABLE_CODE = YES;
				CLANG_WARN__DUPLICATE_METHOD_MATCH = YES;
				COPY_PHASE_STRIP = NO;
				DEBUG_INFORMATION_FORMAT = dwarf;
				ENABLE_STRICT_OBJC_MSGSEND = YES;
				ENABLE_TESTABILITY = YES;
				GCC_C_LANGUAGE_STANDARD = gnu11;
				GCC_DYNAMIC_NO_PIC = NO;
				GCC_NO_COMMON_BLOCKS = YES;
				GCC_OPTIMIZATION_LEVEL = 0;
				GCC_PREPROCESSOR_DEFINITIONS = (
					"DEBUG=1",
					"$(inherited)",
				);
				GCC_WARN_64_TO_32_BIT_CONVERSION = YES;
				GCC_WARN_ABOUT_RETURN_TYPE = YES_ERROR;
				GCC_WARN_UNDECLARED_SELECTOR = YES;
				GCC_WARN_UNINITIALIZED_AUTOS = YES_AGGRESSIVE;
				GCC_WARN_UNUSED_FUNCTION = YES;
				GCC_WARN_UNUSED_VARIABLE = YES;
				IPHONEOS_DEPLOYMENT_TARGET = 15.0;
				MTL_ENABLE_DEBUG_INFO = INCLUDE_SOURCE;
				MTL_FAST_MATH = YES;
				ONLY_ACTIVE_ARCH = YES;
				SDKROOT = iphoneos;
				SWIFT_ACTIVE_COMPILATION_CONDITIONS = DEBUG;
				SWIFT_OPTIMIZATION_LEVEL = "-Onone";
			};
			name = Debug;
		};
		32B3AB3F26FC4D1300D2485A /* Release */ = {
			isa = XCBuildConfiguration;
			buildSettings = {
				ALWAYS_SEARCH_USER_PATHS = NO;
				CLANG_ANALYZER_NONNULL = YES;
				CLANG_ANALYZER_NUMBER_OBJECT_CONVERSION = YES_AGGRESSIVE;
				CLANG_CXX_LANGUAGE_STANDARD = "gnu++17";
				CLANG_CXX_LIBRARY = "libc++";
				CLANG_ENABLE_MODULES = YES;
				CLANG_ENABLE_OBJC_ARC = YES;
				CLANG_ENABLE_OBJC_WEAK = YES;
				CLANG_WARN_BLOCK_CAPTURE_AUTORELEASING = YES;
				CLANG_WARN_BOOL_CONVERSION = YES;
				CLANG_WARN_COMMA = YES;
				CLANG_WARN_CONSTANT_CONVERSION = YES;
				CLANG_WARN_DEPRECATED_OBJC_IMPLEMENTATIONS = YES;
				CLANG_WARN_DIRECT_OBJC_ISA_USAGE = YES_ERROR;
				CLANG_WARN_DOCUMENTATION_COMMENTS = YES;
				CLANG_WARN_EMPTY_BODY = YES;
				CLANG_WARN_ENUM_CONVERSION = YES;
				CLANG_WARN_INFINITE_RECURSION = YES;
				CLANG_WARN_INT_CONVERSION = YES;
				CLANG_WARN_NON_LITERAL_NULL_CONVERSION = YES;
				CLANG_WARN_OBJC_IMPLICIT_RETAIN_SELF = YES;
				CLANG_WARN_OBJC_LITERAL_CONVERSION = YES;
				CLANG_WARN_OBJC_ROOT_CLASS = YES_ERROR;
				CLANG_WARN_QUOTED_INCLUDE_IN_FRAMEWORK_HEADER = YES;
				CLANG_WARN_RANGE_LOOP_ANALYSIS = YES;
				CLANG_WARN_STRICT_PROTOTYPES = YES;
				CLANG_WARN_SUSPICIOUS_MOVE = YES;
				CLANG_WARN_UNGUARDED_AVAILABILITY = YES_AGGRESSIVE;
				CLANG_WARN_UNREACHABLE_CODE = YES;
				CLANG_WARN__DUPLICATE_METHOD_MATCH = YES;
				COPY_PHASE_STRIP = NO;
				DEBUG_INFORMATION_FORMAT = "dwarf-with-dsym";
				ENABLE_NS_ASSERTIONS = NO;
				ENABLE_STRICT_OBJC_MSGSEND = YES;
				GCC_C_LANGUAGE_STANDARD = gnu11;
				GCC_NO_COMMON_BLOCKS = YES;
				GCC_WARN_64_TO_32_BIT_CONVERSION = YES;
				GCC_WARN_ABOUT_RETURN_TYPE = YES_ERROR;
				GCC_WARN_UNDECLARED_SELECTOR = YES;
				GCC_WARN_UNINITIALIZED_AUTOS = YES_AGGRESSIVE;
				GCC_WARN_UNUSED_FUNCTION = YES;
				GCC_WARN_UNUSED_VARIABLE = YES;
				IPHONEOS_DEPLOYMENT_TARGET = 15.0;
				MTL_ENABLE_DEBUG_INFO = NO;
				MTL_FAST_MATH = YES;
				SDKROOT = iphoneos;
				SWIFT_COMPILATION_MODE = wholemodule;
				SWIFT_OPTIMIZATION_LEVEL = "-O";
				VALIDATE_PRODUCT = YES;
			};
			name = Release;
		};
		32B3AB4126FC4D1300D2485A /* Debug */ = {
			isa = XCBuildConfiguration;
			buildSettings = {
				ASSETCATALOG_COMPILER_APPICON_NAME = AppIcon;
				ASSETCATALOG_COMPILER_GLOBAL_ACCENT_COLOR_NAME = AccentColor;
				CODE_SIGN_STYLE = Automatic;
				CURRENT_PROJECT_VERSION = 1;
				DEVELOPMENT_TEAM = 69RSWLFW38;
				GENERATE_INFOPLIST_FILE = YES;
				INFOPLIST_FILE = AnimatedTableView/Info.plist;
				INFOPLIST_KEY_UIApplicationSupportsIndirectInputEvents = YES;
				INFOPLIST_KEY_UILaunchStoryboardName = LaunchScreen;
				INFOPLIST_KEY_UIMainStoryboardFile = Main;
				INFOPLIST_KEY_UISupportedInterfaceOrientations_iPad = "UIInterfaceOrientationPortrait UIInterfaceOrientationPortraitUpsideDown UIInterfaceOrientationLandscapeLeft UIInterfaceOrientationLandscapeRight";
				INFOPLIST_KEY_UISupportedInterfaceOrientations_iPhone = "UIInterfaceOrientationPortrait UIInterfaceOrientationLandscapeLeft UIInterfaceOrientationLandscapeRight";
				LD_RUNPATH_SEARCH_PATHS = (
					"$(inherited)",
					"@executable_path/Frameworks",
				);
				MARKETING_VERSION = 1.0;
				PRODUCT_BUNDLE_IDENTIFIER = com.dmitryonishchuk.AnimatedTableView;
				PRODUCT_NAME = "$(TARGET_NAME)";
				SWIFT_EMIT_LOC_STRINGS = YES;
				SWIFT_VERSION = 5.0;
				TARGETED_DEVICE_FAMILY = "1,2";
			};
			name = Debug;
		};
		32B3AB4226FC4D1300D2485A /* Release */ = {
			isa = XCBuildConfiguration;
			buildSettings = {
				ASSETCATALOG_COMPILER_APPICON_NAME = AppIcon;
				ASSETCATALOG_COMPILER_GLOBAL_ACCENT_COLOR_NAME = AccentColor;
				CODE_SIGN_STYLE = Automatic;
				CURRENT_PROJECT_VERSION = 1;
				DEVELOPMENT_TEAM = 69RSWLFW38;
				GENERATE_INFOPLIST_FILE = YES;
				INFOPLIST_FILE = AnimatedTableView/Info.plist;
				INFOPLIST_KEY_UIApplicationSupportsIndirectInputEvents = YES;
				INFOPLIST_KEY_UILaunchStoryboardName = LaunchScreen;
				INFOPLIST_KEY_UIMainStoryboardFile = Main;
				INFOPLIST_KEY_UISupportedInterfaceOrientations_iPad = "UIInterfaceOrientationPortrait UIInterfaceOrientationPortraitUpsideDown UIInterfaceOrientationLandscapeLeft UIInterfaceOrientationLandscapeRight";
				INFOPLIST_KEY_UISupportedInterfaceOrientations_iPhone = "UIInterfaceOrientationPortrait UIInterfaceOrientationLandscapeLeft UIInterfaceOrientationLandscapeRight";
				LD_RUNPATH_SEARCH_PATHS = (
					"$(inherited)",
					"@executable_path/Frameworks",
				);
				MARKETING_VERSION = 1.0;
				PRODUCT_BUNDLE_IDENTIFIER = com.dmitryonishchuk.AnimatedTableView;
				PRODUCT_NAME = "$(TARGET_NAME)";
				SWIFT_EMIT_LOC_STRINGS = YES;
				SWIFT_VERSION = 5.0;
				TARGETED_DEVICE_FAMILY = "1,2";
			};
			name = Release;
		};
/* End XCBuildConfiguration section */

/* Begin XCConfigurationList section */
		32B3AB2726FC4D1200D2485A /* Build configuration list for PBXProject "AnimatedTableView" */ = {
			isa = XCConfigurationList;
			buildConfigurations = (
				32B3AB3E26FC4D1300D2485A /* Debug */,
				32B3AB3F26FC4D1300D2485A /* Release */,
			);
			defaultConfigurationIsVisible = 0;
			defaultConfigurationName = Release;
		};
		32B3AB4026FC4D1300D2485A /* Build configuration list for PBXNativeTarget "AnimatedTableView" */ = {
			isa = XCConfigurationList;
			buildConfigurations = (
				32B3AB4126FC4D1300D2485A /* Debug */,
				32B3AB4226FC4D1300D2485A /* Release */,
			);
			defaultConfigurationIsVisible = 0;
			defaultConfigurationName = Release;
		};
/* End XCConfigurationList section */
	};
	rootObject = 32B3AB2426FC4D1200D2485A /* Project object */;
}
